{
  "name": "underscores",
  "version": "1.0.0",
  "lockfileVersion": 1,
  "requires": true,
  "dependencies": {
    "@npmcli/move-file": {
      "version": "1.0.1",
      "resolved": "https://registry.npmjs.org/@npmcli/move-file/-/move-file-1.0.1.tgz",
      "integrity": "sha512-Uv6h1sT+0DrblvIrolFtbvM1FgWm+/sy4B3pvLp67Zys+thcukzS5ekn7HsZFGpWP4Q3fYJCljbWQE/XivMRLw==",
      "dev": true,
      "requires": {
        "mkdirp": "^1.0.4"
      }
    },
    "@types/json-schema": {
      "version": "7.0.6",
      "resolved": "https://registry.npmjs.org/@types/json-schema/-/json-schema-7.0.6.tgz",
      "integrity": "sha512-3c+yGKvVP5Y9TYBEibGNR+kLtijnj7mYrXRg+WpFb2X9xm04g/DXYkfg4hmzJQosc9snFNUPkbYIhu+KAm6jJw==",
      "dev": true
    },
    "@types/node": {
      "version": "14.6.2",
      "resolved": "https://registry.npmjs.org/@types/node/-/node-14.6.2.tgz",
      "integrity": "sha512-onlIwbaeqvZyniGPfdw/TEhKIh79pz66L1q06WUQqJLnAb6wbjvOtepLYTGHTqzdXgBYIE3ZdmqHDGsRsbBz7A==",
      "dev": true
    },
    "aggregate-error": {
      "version": "3.1.0",
      "resolved": "https://registry.npmjs.org/aggregate-error/-/aggregate-error-3.1.0.tgz",
      "integrity": "sha512-4I7Td01quW/RpocfNayFdFVk1qSuoh0E7JrbRJ16nH01HhKFQ88INq9Sd+nd72zqRySlr9BmDA8xlEJ6vJMrYA==",
      "dev": true,
      "requires": {
        "clean-stack": "^2.0.0",
        "indent-string": "^4.0.0"
      }
    },
    "ajv": {
      "version": "6.12.4",
      "resolved": "https://registry.npmjs.org/ajv/-/ajv-6.12.4.tgz",
      "integrity": "sha512-eienB2c9qVQs2KWexhkrdMLVDoIQCz5KSeLxwg9Lzk4DOfBtIK9PQwwufcsn1jjGuf9WZmqPMbGxOzfcuphJCQ==",
      "dev": true,
      "requires": {
        "fast-deep-equal": "^3.1.1",
        "fast-json-stable-stringify": "^2.0.0",
        "json-schema-traverse": "^0.4.1",
        "uri-js": "^4.2.2"
      }
    },
    "ajv-keywords": {
      "version": "3.5.2",
      "resolved": "https://registry.npmjs.org/ajv-keywords/-/ajv-keywords-3.5.2.tgz",
      "integrity": "sha512-5p6WTN0DdTGVQk6VjcEju19IgaHudalcfabD7yhDGeA6bcQnmL+CpveLJq/3hvfwd1aof6L386Ougkx6RfyMIQ==",
      "dev": true
    },
    "ansi-colors": {
      "version": "1.1.0",
      "resolved": "https://registry.npmjs.org/ansi-colors/-/ansi-colors-1.1.0.tgz",
      "integrity": "sha512-SFKX67auSNoVR38N3L+nvsPjOE0bybKTYbkf5tRvushrAPQ9V75huw0ZxBkKVeRU9kqH3d6HA4xTckbwZ4ixmA==",
      "dev": true,
      "requires": {
        "ansi-wrap": "^0.1.0"
      }
    },
    "ansi-wrap": {
      "version": "0.1.0",
      "resolved": "https://registry.npmjs.org/ansi-wrap/-/ansi-wrap-0.1.0.tgz",
      "integrity": "sha1-qCJQ3bABXponyoLoLqYDu/pF768=",
      "dev": true
    },
    "arr-diff": {
      "version": "4.0.0",
      "resolved": "https://registry.npmjs.org/arr-diff/-/arr-diff-4.0.0.tgz",
      "integrity": "sha1-1kYQdP6/7HHn4VI1dhoyml3HxSA=",
      "dev": true
    },
    "arr-union": {
      "version": "3.1.0",
      "resolved": "https://registry.npmjs.org/arr-union/-/arr-union-3.1.0.tgz",
      "integrity": "sha1-45sJrqne+Gao8gbiiK9jkZuuOcQ=",
      "dev": true
    },
    "assign-symbols": {
      "version": "1.0.0",
      "resolved": "https://registry.npmjs.org/assign-symbols/-/assign-symbols-1.0.0.tgz",
      "integrity": "sha1-WWZ/QfrdTyDMvCu5a41Pf3jsA2c=",
      "dev": true
    },
    "balanced-match": {
      "version": "1.0.0",
      "resolved": "https://registry.npmjs.org/balanced-match/-/balanced-match-1.0.0.tgz",
      "integrity": "sha1-ibTRmasr7kneFk6gK4nORi1xt2c=",
      "dev": true
    },
    "brace-expansion": {
      "version": "1.1.11",
      "resolved": "https://registry.npmjs.org/brace-expansion/-/brace-expansion-1.1.11.tgz",
      "integrity": "sha512-iCuPHDFgrHX7H2vEI/5xpz07zSHB00TpugqhmYtVmMO6518mCuRMoOYFldEBl0g187ufozdaHgWKcYFb61qGiA==",
      "dev": true,
      "requires": {
        "balanced-match": "^1.0.0",
        "concat-map": "0.0.1"
      }
    },
    "buffer-from": {
      "version": "1.1.1",
      "resolved": "https://registry.npmjs.org/buffer-from/-/buffer-from-1.1.1.tgz",
      "integrity": "sha512-MQcXEUbCKtEo7bhqEs6560Hyd4XaovZlO/k9V3hjVUF/zwW7KBVdSK4gIt/bzwS9MbR5qob+F5jusZsb0YQK2A==",
      "dev": true
    },
    "cacache": {
      "version": "15.0.5",
      "resolved": "https://registry.npmjs.org/cacache/-/cacache-15.0.5.tgz",
      "integrity": "sha512-lloiL22n7sOjEEXdL8NAjTgv9a1u43xICE9/203qonkZUCj5X1UEWIdf2/Y0d6QcCtMzbKQyhrcDbdvlZTs/+A==",
      "dev": true,
      "requires": {
        "@npmcli/move-file": "^1.0.1",
        "chownr": "^2.0.0",
        "fs-minipass": "^2.0.0",
        "glob": "^7.1.4",
        "infer-owner": "^1.0.4",
        "lru-cache": "^6.0.0",
        "minipass": "^3.1.1",
        "minipass-collect": "^1.0.2",
        "minipass-flush": "^1.0.5",
        "minipass-pipeline": "^1.2.2",
        "mkdirp": "^1.0.3",
        "p-map": "^4.0.0",
        "promise-inflight": "^1.0.1",
        "rimraf": "^3.0.2",
        "ssri": "^8.0.0",
        "tar": "^6.0.2",
        "unique-filename": "^1.1.1"
      }
    },
    "chownr": {
      "version": "2.0.0",
      "resolved": "https://registry.npmjs.org/chownr/-/chownr-2.0.0.tgz",
      "integrity": "sha512-bIomtDF5KGpdogkLd9VspvFzk9KfpyyGlS8YFVZl7TGPBHL5snIOnxeshwVgPteQ9b4Eydl+pVbIyE1DcvCWgQ==",
      "dev": true
    },
    "clean-stack": {
      "version": "2.2.0",
      "resolved": "https://registry.npmjs.org/clean-stack/-/clean-stack-2.2.0.tgz",
      "integrity": "sha512-4diC9HaTE+KRAMWhDhrGOECgWZxoevMc5TlkObMqNSsVU62PYzXZ/SMTjzyGAFF1YusgxGcSWTEXBhp0CPwQ1A==",
      "dev": true
    },
    "commander": {
      "version": "2.20.3",
      "resolved": "https://registry.npmjs.org/commander/-/commander-2.20.3.tgz",
      "integrity": "sha512-GpVkmM8vF2vQUkj2LvZmD35JxeJOLCwJ9cUkugyk2nuhbv3+mJvpLYYt+0+USMxE+oj+ey/lJEnhZw75x/OMcQ==",
      "dev": true
    },
    "commondir": {
      "version": "1.0.1",
      "resolved": "https://registry.npmjs.org/commondir/-/commondir-1.0.1.tgz",
      "integrity": "sha1-3dgA2gxmEnOTzKWVDqloo6rxJTs=",
      "dev": true
    },
    "concat-map": {
      "version": "0.0.1",
      "resolved": "https://registry.npmjs.org/concat-map/-/concat-map-0.0.1.tgz",
      "integrity": "sha1-2Klr13/Wjfd5OnMDajug1UBdR3s=",
      "dev": true
    },
    "extend-shallow": {
      "version": "3.0.2",
      "resolved": "https://registry.npmjs.org/extend-shallow/-/extend-shallow-3.0.2.tgz",
      "integrity": "sha1-Jqcarwc7OfshJxcnRhMcJwQCjbg=",
      "dev": true,
      "requires": {
        "assign-symbols": "^1.0.0",
        "is-extendable": "^1.0.1"
      }
    },
    "fast-deep-equal": {
      "version": "3.1.3",
      "resolved": "https://registry.npmjs.org/fast-deep-equal/-/fast-deep-equal-3.1.3.tgz",
      "integrity": "sha512-f3qQ9oQy9j2AhBe/H9VC91wLmKBCCU/gDOnKNAYG5hswO7BLKj09Hc5HYNz9cGI++xlpDCIgDaitVs03ATR84Q==",
      "dev": true
    },
    "fast-json-stable-stringify": {
      "version": "2.1.0",
      "resolved": "https://registry.npmjs.org/fast-json-stable-stringify/-/fast-json-stable-stringify-2.1.0.tgz",
      "integrity": "sha512-lhd/wF+Lk98HZoTCtlVraHtfh5XYijIjalXck7saUtuanSDyLMxnHhSXEDJqHxD7msR8D0uCmqlkwjCV8xvwHw==",
      "dev": true
    },
    "find-cache-dir": {
      "version": "3.3.1",
      "resolved": "https://registry.npmjs.org/find-cache-dir/-/find-cache-dir-3.3.1.tgz",
      "integrity": "sha512-t2GDMt3oGC/v+BMwzmllWDuJF/xcDtE5j/fCGbqDD7OLuJkj0cfh1YSA5VKPvwMeLFLNDBkwOKZ2X85jGLVftQ==",
      "dev": true,
      "requires": {
        "commondir": "^1.0.1",
        "make-dir": "^3.0.2",
        "pkg-dir": "^4.1.0"
      }
    },
    "find-up": {
      "version": "4.1.0",
      "resolved": "https://registry.npmjs.org/find-up/-/find-up-4.1.0.tgz",
      "integrity": "sha512-PpOwAdQ/YlXQ2vj8a3h8IipDuYRi3wceVQQGYWxNINccq40Anw7BlsEXCMbt1Zt+OLA6Fq9suIpIWD0OsnISlw==",
      "dev": true,
      "requires": {
        "locate-path": "^5.0.0",
        "path-exists": "^4.0.0"
      }
    },
    "fs-minipass": {
      "version": "2.1.0",
      "resolved": "https://registry.npmjs.org/fs-minipass/-/fs-minipass-2.1.0.tgz",
      "integrity": "sha512-V/JgOLFCS+R6Vcq0slCuaeWEdNC3ouDlJMNIsacH2VtALiu9mV4LPrHc5cDl8k5aw6J8jwgWWpiTo5RYhmIzvg==",
      "dev": true,
      "requires": {
        "minipass": "^3.0.0"
      }
    },
    "fs.realpath": {
      "version": "1.0.0",
      "resolved": "https://registry.npmjs.org/fs.realpath/-/fs.realpath-1.0.0.tgz",
      "integrity": "sha1-FQStJSMVjKpA20onh8sBQRmU6k8=",
      "dev": true
    },
    "glob": {
      "version": "7.1.6",
      "resolved": "https://registry.npmjs.org/glob/-/glob-7.1.6.tgz",
      "integrity": "sha512-LwaxwyZ72Lk7vZINtNNrywX0ZuLyStrdDtabefZKAY5ZGJhVtgdznluResxNmPitE0SAO+O26sWTHeKSI2wMBA==",
      "dev": true,
      "requires": {
        "fs.realpath": "^1.0.0",
        "inflight": "^1.0.4",
        "inherits": "2",
        "minimatch": "^3.0.4",
        "once": "^1.3.0",
        "path-is-absolute": "^1.0.0"
      }
    },
    "gulp-terser": {
      "version": "1.4.0",
      "resolved": "https://registry.npmjs.org/gulp-terser/-/gulp-terser-1.4.0.tgz",
      "integrity": "sha512-7df9leJna3WOmj76tYHxjpn7BSU+vmKVjVSd6bz3uLEyrzCfZI97KPhRcIabrSNzs0UY/UXTt+JwkxPw3sF85w==",
      "dev": true,
      "requires": {
        "is-promise": "^4.0.0",
        "plugin-error": "^1.0.1",
        "terser": ">=4",
        "through2": "^4.0.2",
        "vinyl-sourcemaps-apply": "^0.2.1"
      }
    },
    "has-flag": {
      "version": "4.0.0",
      "resolved": "https://registry.npmjs.org/has-flag/-/has-flag-4.0.0.tgz",
      "integrity": "sha512-EykJT/Q1KjTWctppgIAgfSO0tKVuZUjhgMr17kqTumMl6Afv3EISleU7qZUzoXDFTAHTDC4NOoG/ZxU3EvlMPQ==",
      "dev": true
    },
    "imurmurhash": {
      "version": "0.1.4",
      "resolved": "https://registry.npmjs.org/imurmurhash/-/imurmurhash-0.1.4.tgz",
      "integrity": "sha1-khi5srkoojixPcT7a21XbyMUU+o=",
      "dev": true
    },
    "indent-string": {
      "version": "4.0.0",
      "resolved": "https://registry.npmjs.org/indent-string/-/indent-string-4.0.0.tgz",
      "integrity": "sha512-EdDDZu4A2OyIK7Lr/2zG+w5jmbuk1DVBnEwREQvBzspBJkCEbRa8GxU1lghYcaGJCnRWibjDXlq779X1/y5xwg==",
      "dev": true
    },
    "infer-owner": {
      "version": "1.0.4",
      "resolved": "https://registry.npmjs.org/infer-owner/-/infer-owner-1.0.4.tgz",
      "integrity": "sha512-IClj+Xz94+d7irH5qRyfJonOdfTzuDaifE6ZPWfx0N0+/ATZCbuTPq2prFl526urkQd90WyUKIh1DfBQ2hMz9A==",
      "dev": true
    },
    "inflight": {
      "version": "1.0.6",
      "resolved": "https://registry.npmjs.org/inflight/-/inflight-1.0.6.tgz",
      "integrity": "sha1-Sb1jMdfQLQwJvJEKEHW6gWW1bfk=",
      "dev": true,
      "requires": {
        "once": "^1.3.0",
        "wrappy": "1"
      }
    },
    "inherits": {
      "version": "2.0.4",
      "resolved": "https://registry.npmjs.org/inherits/-/inherits-2.0.4.tgz",
      "integrity": "sha512-k/vGaX4/Yla3WzyMCvTQOXYeIHvqOKtnqBduzTHpzpQZzAskKMhZ2K+EnBiSM9zGSoIFeMpXKxa4dYeZIQqewQ==",
      "dev": true
    },
    "is-extendable": {
      "version": "1.0.1",
      "resolved": "https://registry.npmjs.org/is-extendable/-/is-extendable-1.0.1.tgz",
      "integrity": "sha512-arnXMxT1hhoKo9k1LZdmlNyJdDDfy2v0fXjFlmok4+i8ul/6WlbVge9bhM74OpNPQPMGUToDtz+KXa1PneJxOA==",
      "dev": true,
      "requires": {
        "is-plain-object": "^2.0.4"
      }
    },
    "is-plain-object": {
      "version": "2.0.4",
      "resolved": "https://registry.npmjs.org/is-plain-object/-/is-plain-object-2.0.4.tgz",
      "integrity": "sha512-h5PpgXkWitc38BBMYawTYMWJHFZJVnBquFE57xFpjB8pJFiF6gZ+bU+WyI/yqXiFR5mdLsgYNaPe8uao6Uv9Og==",
      "dev": true,
      "requires": {
        "isobject": "^3.0.1"
      }
    },
    "is-promise": {
      "version": "4.0.0",
      "resolved": "https://registry.npmjs.org/is-promise/-/is-promise-4.0.0.tgz",
      "integrity": "sha512-hvpoI6korhJMnej285dSg6nu1+e6uxs7zG3BYAm5byqDsgJNWwxzM6z6iZiAgQR4TJ30JmBTOwqZUw3WlyH3AQ==",
      "dev": true
    },
    "isobject": {
      "version": "3.0.1",
      "resolved": "https://registry.npmjs.org/isobject/-/isobject-3.0.1.tgz",
      "integrity": "sha1-TkMekrEalzFjaqH5yNHMvP2reN8=",
      "dev": true
    },
    "jest-worker": {
      "version": "26.3.0",
      "resolved": "https://registry.npmjs.org/jest-worker/-/jest-worker-26.3.0.tgz",
      "integrity": "sha512-Vmpn2F6IASefL+DVBhPzI2J9/GJUsqzomdeN+P+dK8/jKxbh8R3BtFnx3FIta7wYlPU62cpJMJQo4kuOowcMnw==",
      "dev": true,
      "requires": {
        "@types/node": "*",
        "merge-stream": "^2.0.0",
        "supports-color": "^7.0.0"
      }
    },
    "json-schema-traverse": {
      "version": "0.4.1",
      "resolved": "https://registry.npmjs.org/json-schema-traverse/-/json-schema-traverse-0.4.1.tgz",
      "integrity": "sha512-xbbCH5dCYU5T8LcEhhuh7HJ88HXuW3qsI3Y0zOZFKfZEHcpWiHU/Jxzk629Brsab/mMiHQti9wMP+845RPe3Vg==",
      "dev": true
    },
    "locate-path": {
      "version": "5.0.0",
      "resolved": "https://registry.npmjs.org/locate-path/-/locate-path-5.0.0.tgz",
      "integrity": "sha512-t7hw9pI+WvuwNJXwk5zVHpyhIqzg2qTlklJOf0mVxGSbe3Fp2VieZcduNYjaLDoy6p9uGpQEGWG87WpMKlNq8g==",
      "dev": true,
      "requires": {
        "p-locate": "^4.1.0"
      }
    },
    "lru-cache": {
      "version": "6.0.0",
      "resolved": "https://registry.npmjs.org/lru-cache/-/lru-cache-6.0.0.tgz",
      "integrity": "sha512-Jo6dJ04CmSjuznwJSS3pUeWmd/H0ffTlkXXgwZi+eq1UCmqQwCh+eLsYOYCwY991i2Fah4h1BEMCx4qThGbsiA==",
      "dev": true,
      "requires": {
        "yallist": "^4.0.0"
      }
    },
    "make-dir": {
      "version": "3.1.0",
      "resolved": "https://registry.npmjs.org/make-dir/-/make-dir-3.1.0.tgz",
      "integrity": "sha512-g3FeP20LNwhALb/6Cz6Dd4F2ngze0jz7tbzrD2wAV+o9FeNHe4rL+yK2md0J/fiSf1sa1ADhXqi5+oVwOM/eGw==",
      "dev": true,
      "requires": {
        "semver": "^6.0.0"
      }
    },
    "merge-stream": {
      "version": "2.0.0",
      "resolved": "https://registry.npmjs.org/merge-stream/-/merge-stream-2.0.0.tgz",
      "integrity": "sha512-abv/qOcuPfk3URPfDzmZU1LKmuw8kT+0nIHvKrKgFrwifol/doWcdA4ZqsWQ8ENrFKkd67Mfpo/LovbIUsbt3w==",
      "dev": true
    },
    "minimatch": {
      "version": "3.0.4",
      "resolved": "https://registry.npmjs.org/minimatch/-/minimatch-3.0.4.tgz",
      "integrity": "sha512-yJHVQEhyqPLUTgt9B83PXu6W3rx4MvvHvSUvToogpwoGDOUQ+yDrR0HRot+yOCdCO7u4hX3pWft6kWBBcqh0UA==",
      "dev": true,
      "requires": {
        "brace-expansion": "^1.1.7"
      }
    },
    "minipass": {
      "version": "3.1.3",
      "resolved": "https://registry.npmjs.org/minipass/-/minipass-3.1.3.tgz",
      "integrity": "sha512-Mgd2GdMVzY+x3IJ+oHnVM+KG3lA5c8tnabyJKmHSaG2kAGpudxuOf8ToDkhumF7UzME7DecbQE9uOZhNm7PuJg==",
      "dev": true,
      "requires": {
        "yallist": "^4.0.0"
      }
    },
    "minipass-collect": {
      "version": "1.0.2",
      "resolved": "https://registry.npmjs.org/minipass-collect/-/minipass-collect-1.0.2.tgz",
      "integrity": "sha512-6T6lH0H8OG9kITm/Jm6tdooIbogG9e0tLgpY6mphXSm/A9u8Nq1ryBG+Qspiub9LjWlBPsPS3tWQ/Botq4FdxA==",
      "dev": true,
      "requires": {
        "minipass": "^3.0.0"
      }
    },
    "minipass-flush": {
      "version": "1.0.5",
      "resolved": "https://registry.npmjs.org/minipass-flush/-/minipass-flush-1.0.5.tgz",
      "integrity": "sha512-JmQSYYpPUqX5Jyn1mXaRwOda1uQ8HP5KAT/oDSLCzt1BYRhQU0/hDtsB1ufZfEEzMZ9aAVmsBw8+FWsIXlClWw==",
      "dev": true,
      "requires": {
        "minipass": "^3.0.0"
      }
    },
    "minipass-pipeline": {
      "version": "1.2.4",
      "resolved": "https://registry.npmjs.org/minipass-pipeline/-/minipass-pipeline-1.2.4.tgz",
      "integrity": "sha512-xuIq7cIOt09RPRJ19gdi4b+RiNvDFYe5JH+ggNvBqGqpQXcru3PcRmOZuHBKWK1Txf9+cQ+HMVN4d6z46LZP7A==",
      "dev": true,
      "requires": {
        "minipass": "^3.0.0"
      }
    },
    "minizlib": {
      "version": "2.1.2",
      "resolved": "https://registry.npmjs.org/minizlib/-/minizlib-2.1.2.tgz",
      "integrity": "sha512-bAxsR8BVfj60DWXHE3u30oHzfl4G7khkSuPW+qvpd7jFRHm7dLxOjUk1EHACJ/hxLY8phGJ0YhYHZo7jil7Qdg==",
      "dev": true,
      "requires": {
        "minipass": "^3.0.0",
        "yallist": "^4.0.0"
      }
    },
    "mkdirp": {
      "version": "1.0.4",
      "resolved": "https://registry.npmjs.org/mkdirp/-/mkdirp-1.0.4.tgz",
      "integrity": "sha512-vVqVZQyf3WLx2Shd0qJ9xuvqgAyKPLAiqITEtqW0oIUjzo3PePDd6fW9iFz30ef7Ysp/oiWqbhszeGWW2T6Gzw==",
      "dev": true
    },
    "once": {
      "version": "1.4.0",
      "resolved": "https://registry.npmjs.org/once/-/once-1.4.0.tgz",
      "integrity": "sha1-WDsap3WWHUsROsF9nFC6753Xa9E=",
      "dev": true,
      "requires": {
        "wrappy": "1"
      }
    },
    "p-limit": {
      "version": "3.0.2",
      "resolved": "https://registry.npmjs.org/p-limit/-/p-limit-3.0.2.tgz",
      "integrity": "sha512-iwqZSOoWIW+Ew4kAGUlN16J4M7OB3ysMLSZtnhmqx7njIHFPlxWBX8xo3lVTyFVq6mI/lL9qt2IsN1sHwaxJkg==",
      "dev": true,
      "requires": {
        "p-try": "^2.0.0"
      }
    },
    "p-locate": {
      "version": "4.1.0",
      "resolved": "https://registry.npmjs.org/p-locate/-/p-locate-4.1.0.tgz",
      "integrity": "sha512-R79ZZ/0wAxKGu3oYMlz8jy/kbhsNrS7SKZ7PxEHBgJ5+F2mtFW2fK2cOtBh1cHYkQsbzFV7I+EoRKe6Yt0oK7A==",
      "dev": true,
      "requires": {
        "p-limit": "^2.2.0"
      },
      "dependencies": {
        "p-limit": {
          "version": "2.3.0",
          "resolved": "https://registry.npmjs.org/p-limit/-/p-limit-2.3.0.tgz",
          "integrity": "sha512-//88mFWSJx8lxCzwdAABTJL2MyWB12+eIY7MDL2SqLmAkeKU9qxRvWuSyTjm3FUmpBEMuFfckAIqEaVGUDxb6w==",
          "dev": true,
          "requires": {
            "p-try": "^2.0.0"
          }
        }
      }
    },
    "p-map": {
      "version": "4.0.0",
      "resolved": "https://registry.npmjs.org/p-map/-/p-map-4.0.0.tgz",
      "integrity": "sha512-/bjOqmgETBYB5BoEeGVea8dmvHb2m9GLy1E9W43yeyfP6QQCZGFNa+XRceJEuDB6zqr+gKpIAmlLebMpykw/MQ==",
      "dev": true,
      "requires": {
        "aggregate-error": "^3.0.0"
      }
    },
    "p-try": {
      "version": "2.2.0",
      "resolved": "https://registry.npmjs.org/p-try/-/p-try-2.2.0.tgz",
      "integrity": "sha512-R4nPAVTAU0B9D35/Gk3uJf/7XYbQcyohSKdvAxIRSNghFl4e71hVoGnBNQz9cWaXxO2I10KTC+3jMdvvoKw6dQ==",
      "dev": true
    },
    "path-exists": {
      "version": "4.0.0",
      "resolved": "https://registry.npmjs.org/path-exists/-/path-exists-4.0.0.tgz",
      "integrity": "sha512-ak9Qy5Q7jYb2Wwcey5Fpvg2KoAc/ZIhLSLOSBmRmygPsGwkVVt0fZa0qrtMz+m6tJTAHfZQ8FnmB4MG4LWy7/w==",
      "dev": true
    },
    "path-is-absolute": {
      "version": "1.0.1",
      "resolved": "https://registry.npmjs.org/path-is-absolute/-/path-is-absolute-1.0.1.tgz",
      "integrity": "sha1-F0uSaHNVNP+8es5r9TpanhtcX18=",
      "dev": true
    },
    "pkg-dir": {
      "version": "4.2.0",
      "resolved": "https://registry.npmjs.org/pkg-dir/-/pkg-dir-4.2.0.tgz",
      "integrity": "sha512-HRDzbaKjC+AOWVXxAU/x54COGeIv9eb+6CkDSQoNTt4XyWoIJvuPsXizxu/Fr23EiekbtZwmh1IcIG/l/a10GQ==",
      "dev": true,
      "requires": {
        "find-up": "^4.0.0"
      }
    },
    "plugin-error": {
      "version": "1.0.1",
      "resolved": "https://registry.npmjs.org/plugin-error/-/plugin-error-1.0.1.tgz",
      "integrity": "sha512-L1zP0dk7vGweZME2i+EeakvUNqSrdiI3F91TwEoYiGrAfUXmVv6fJIq4g82PAXxNsWOp0J7ZqQy/3Szz0ajTxA==",
      "dev": true,
      "requires": {
        "ansi-colors": "^1.0.1",
        "arr-diff": "^4.0.0",
        "arr-union": "^3.1.0",
        "extend-shallow": "^3.0.2"
      }
    },
    "promise-inflight": {
      "version": "1.0.1",
      "resolved": "https://registry.npmjs.org/promise-inflight/-/promise-inflight-1.0.1.tgz",
      "integrity": "sha1-mEcocL8igTL8vdhoEputEsPAKeM=",
      "dev": true
    },
    "punycode": {
      "version": "2.1.1",
      "resolved": "https://registry.npmjs.org/punycode/-/punycode-2.1.1.tgz",
      "integrity": "sha512-XRsRjdf+j5ml+y/6GKHPZbrF/8p2Yga0JPtdqTIY2Xe5ohJPD9saDJJLPvp9+NSBprVvevdXZybnj2cv8OEd0A==",
      "dev": true
    },
    "randombytes": {
      "version": "2.1.0",
      "resolved": "https://registry.npmjs.org/randombytes/-/randombytes-2.1.0.tgz",
      "integrity": "sha512-vYl3iOX+4CKUWuxGi9Ukhie6fsqXqS9FE2Zaic4tNFD2N2QQaXOMFbuKK4QmDHC0JO6B1Zp41J0LpT0oR68amQ==",
      "dev": true,
      "requires": {
        "safe-buffer": "^5.1.0"
      }
    },
    "readable-stream": {
      "version": "3.6.0",
      "resolved": "https://registry.npmjs.org/readable-stream/-/readable-stream-3.6.0.tgz",
      "integrity": "sha512-BViHy7LKeTz4oNnkcLJ+lVSL6vpiFeX6/d3oSH8zCW7UxP2onchk+vTGB143xuFjHS3deTgkKoXXymXqymiIdA==",
      "dev": true,
      "requires": {
        "inherits": "^2.0.3",
        "string_decoder": "^1.1.1",
        "util-deprecate": "^1.0.1"
      }
    },
    "rimraf": {
      "version": "3.0.2",
      "resolved": "https://registry.npmjs.org/rimraf/-/rimraf-3.0.2.tgz",
      "integrity": "sha512-JZkJMZkAGFFPP2YqXZXPbMlMBgsxzE8ILs4lMIX/2o0L9UBw9O/Y3o6wFw/i9YLapcUJWwqbi3kdxIPdC62TIA==",
      "dev": true,
      "requires": {
        "glob": "^7.1.3"
      }
    },
    "safe-buffer": {
      "version": "5.2.1",
      "resolved": "https://registry.npmjs.org/safe-buffer/-/safe-buffer-5.2.1.tgz",
      "integrity": "sha512-rp3So07KcdmmKbGvgaNxQSJr7bGVSVk5S9Eq1F+ppbRo70+YeaDxkw5Dd8NPN+GD6bjnYm2VuPuCXmpuYvmCXQ==",
      "dev": true
    },
    "schema-utils": {
      "version": "2.7.1",
      "resolved": "https://registry.npmjs.org/schema-utils/-/schema-utils-2.7.1.tgz",
      "integrity": "sha512-SHiNtMOUGWBQJwzISiVYKu82GiV4QYGePp3odlY1tuKO7gPtphAT5R/py0fA6xtbgLL/RvtJZnU9b8s0F1q0Xg==",
      "dev": true,
      "requires": {
        "@types/json-schema": "^7.0.5",
        "ajv": "^6.12.4",
        "ajv-keywords": "^3.5.2"
      }
    },
    "semver": {
      "version": "6.3.0",
      "resolved": "https://registry.npmjs.org/semver/-/semver-6.3.0.tgz",
      "integrity": "sha512-b39TBaTSfV6yBrapU89p5fKekE2m/NwnDocOVruQFS1/veMgdzuPcnOM34M6CwxW8jH/lxEa5rBoDeUwu5HHTw==",
      "dev": true
    },
    "serialize-javascript": {
      "version": "4.0.0",
      "resolved": "https://registry.npmjs.org/serialize-javascript/-/serialize-javascript-4.0.0.tgz",
      "integrity": "sha512-GaNA54380uFefWghODBWEGisLZFj00nS5ACs6yHa9nLqlLpVLO8ChDGeKRjZnV4Nh4n0Qi7nhYZD/9fCPzEqkw==",
      "dev": true,
      "requires": {
        "randombytes": "^2.1.0"
      }
    },
    "source-list-map": {
      "version": "2.0.1",
      "resolved": "https://registry.npmjs.org/source-list-map/-/source-list-map-2.0.1.tgz",
      "integrity": "sha512-qnQ7gVMxGNxsiL4lEuJwe/To8UnK7fAnmbGEEH8RpLouuKbeEm0lhbQVFIrNSuB+G7tVrAlVsZgETT5nljf+Iw==",
      "dev": true
    },
    "source-map": {
      "version": "0.6.1",
      "resolved": "https://registry.npmjs.org/source-map/-/source-map-0.6.1.tgz",
      "integrity": "sha512-UjgapumWlbMhkBgzT7Ykc5YXUT46F0iKu8SGXq0bcwP5dz/h0Plj6enJqjz1Zbq2l5WaqYnrVbwWOWMyF3F47g==",
      "dev": true
    },
    "source-map-support": {
      "version": "0.5.19",
      "resolved": "https://registry.npmjs.org/source-map-support/-/source-map-support-0.5.19.tgz",
      "integrity": "sha512-Wonm7zOCIJzBGQdB+thsPar0kYuCIzYvxZwlBa87yi/Mdjv7Tip2cyVbLj5o0cFPN4EVkuTwb3GDDyUx2DGnGw==",
      "dev": true,
      "requires": {
        "buffer-from": "^1.0.0",
        "source-map": "^0.6.0"
      }
    },
    "ssri": {
      "version": "8.0.0",
      "resolved": "https://registry.npmjs.org/ssri/-/ssri-8.0.0.tgz",
      "integrity": "sha512-aq/pz989nxVYwn16Tsbj1TqFpD5LLrQxHf5zaHuieFV+R0Bbr4y8qUsOA45hXT/N4/9UNXTarBjnjVmjSOVaAA==",
      "dev": true,
      "requires": {
        "minipass": "^3.1.1"
      }
    },
    "string_decoder": {
      "version": "1.3.0",
      "resolved": "https://registry.npmjs.org/string_decoder/-/string_decoder-1.3.0.tgz",
      "integrity": "sha512-hkRX8U1WjJFd8LsDJ2yQ/wWWxaopEsABU1XfkM8A+j0+85JAGppt16cr1Whg6KIbb4okU6Mql6BOj+uup/wKeA==",
      "dev": true,
      "requires": {
        "safe-buffer": "~5.2.0"
      }
    },
    "supports-color": {
      "version": "7.2.0",
      "resolved": "https://registry.npmjs.org/supports-color/-/supports-color-7.2.0.tgz",
      "integrity": "sha512-qpCAvRl9stuOHveKsn7HncJRvv501qIacKzQlO/+Lwxc9+0q2wLyv4Dfvt80/DPn2pqOBsJdDiogXGR9+OvwRw==",
      "dev": true,
      "requires": {
        "has-flag": "^4.0.0"
      }
    },
    "tar": {
      "version": "6.0.5",
      "resolved": "https://registry.npmjs.org/tar/-/tar-6.0.5.tgz",
      "integrity": "sha512-0b4HOimQHj9nXNEAA7zWwMM91Zhhba3pspja6sQbgTpynOJf+bkjBnfybNYzbpLbnwXnbyB4LOREvlyXLkCHSg==",
      "dev": true,
      "requires": {
        "chownr": "^2.0.0",
        "fs-minipass": "^2.0.0",
        "minipass": "^3.0.0",
        "minizlib": "^2.1.1",
        "mkdirp": "^1.0.3",
        "yallist": "^4.0.0"
      }
    },
    "terser": {
      "version": "5.2.1",
      "resolved": "https://registry.npmjs.org/terser/-/terser-5.2.1.tgz",
      "integrity": "sha512-/AOtjRtAMNGO0fIF6m8HfcvXTw/2AKpsOzDn36tA5RfhRdeXyb4RvHxJ5Pah7iL6dFkLk+gOnCaNHGwJPl6TrQ==",
      "dev": true,
      "requires": {
        "commander": "^2.20.0",
        "source-map": "~0.6.1",
        "source-map-support": "~0.5.12"
      }
    },
    "terser-webpack-plugin": {
      "version": "4.1.0",
      "resolved": "https://registry.npmjs.org/terser-webpack-plugin/-/terser-webpack-plugin-4.1.0.tgz",
      "integrity": "sha512-0ZWDPIP8BtEDZdChbufcXUigOYk6dOX/P/X0hWxqDDcVAQLb8Yy/0FAaemSfax3PAA67+DJR778oz8qVbmy4hA==",
      "dev": true,
      "requires": {
        "cacache": "^15.0.5",
        "find-cache-dir": "^3.3.1",
        "jest-worker": "^26.3.0",
        "p-limit": "^3.0.2",
        "schema-utils": "^2.6.6",
        "serialize-javascript": "^4.0.0",
        "source-map": "^0.6.1",
        "terser": "^5.0.0",
        "webpack-sources": "^1.4.3"
      }
    },
    "through2": {
      "version": "4.0.2",
      "resolved": "https://registry.npmjs.org/through2/-/through2-4.0.2.tgz",
      "integrity": "sha512-iOqSav00cVxEEICeD7TjLB1sueEL+81Wpzp2bY17uZjZN0pWZPuo4suZ/61VujxmqSGFfgOcNuTZ85QJwNZQpw==",
      "dev": true,
      "requires": {
        "readable-stream": "3"
      }
    },
    "unique-filename": {
      "version": "1.1.1",
      "resolved": "https://registry.npmjs.org/unique-filename/-/unique-filename-1.1.1.tgz",
      "integrity": "sha512-Vmp0jIp2ln35UTXuryvjzkjGdRyf9b2lTXuSYUiPmzRcl3FDtYqAwOnTJkAngD9SWhnoJzDbTKwaOrZ+STtxNQ==",
      "dev": true,
      "requires": {
        "unique-slug": "^2.0.0"
      }
    },
    "unique-slug": {
      "version": "2.0.2",
      "resolved": "https://registry.npmjs.org/unique-slug/-/unique-slug-2.0.2.tgz",
      "integrity": "sha512-zoWr9ObaxALD3DOPfjPSqxt4fnZiWblxHIgeWqW8x7UqDzEtHEQLzji2cuJYQFCU6KmoJikOYAZlrTHHebjx2w==",
      "dev": true,
      "requires": {
        "imurmurhash": "^0.1.4"
      }
    },
    "uri-js": {
      "version": "4.4.0",
      "resolved": "https://registry.npmjs.org/uri-js/-/uri-js-4.4.0.tgz",
      "integrity": "sha512-B0yRTzYdUCCn9n+F4+Gh4yIDtMQcaJsmYBDsTSG8g/OejKBodLQ2IHfN3bM7jUsRXndopT7OIXWdYqc1fjmV6g==",
      "dev": true,
      "requires": {
        "punycode": "^2.1.0"
      }
    },
    "util-deprecate": {
      "version": "1.0.2",
      "resolved": "https://registry.npmjs.org/util-deprecate/-/util-deprecate-1.0.2.tgz",
      "integrity": "sha1-RQ1Nyfpw3nMnYvvS1KKJgUGaDM8=",
      "dev": true
    },
    "vinyl-sourcemaps-apply": {
      "version": "0.2.1",
      "resolved": "https://registry.npmjs.org/vinyl-sourcemaps-apply/-/vinyl-sourcemaps-apply-0.2.1.tgz",
      "integrity": "sha1-q2VJ1h0XLCsbh75cUI0jnI74dwU=",
      "dev": true,
      "requires": {
        "source-map": "^0.5.1"
      },
      "dependencies": {
        "source-map": {
          "version": "0.5.7",
          "resolved": "https://registry.npmjs.org/source-map/-/source-map-0.5.7.tgz",
          "integrity": "sha1-igOdLRAh0i0eoUyA2OpGi6LvP8w=",
          "dev": true
        }
      }
    },
    "webpack-sources": {
      "version": "1.4.3",
      "resolved": "https://registry.npmjs.org/webpack-sources/-/webpack-sources-1.4.3.tgz",
      "integrity": "sha512-lgTS3Xhv1lCOKo7SA5TjKXMjpSM4sBjNV5+q2bqesbSPs5FjGmU6jjtBSkX9b4qW87vDIsCIlUPOEhbZrMdjeQ==",
      "dev": true,
      "requires": {
        "source-list-map": "^2.0.0",
        "source-map": "~0.6.1"
      }
    },
    "wrappy": {
      "version": "1.0.2",
      "resolved": "https://registry.npmjs.org/wrappy/-/wrappy-1.0.2.tgz",
      "integrity": "sha1-tSQ9jz7BqjXxNkYFvA0QNuMKtp8=",
      "dev": true
    },
    "yallist": {
      "version": "4.0.0",
      "resolved": "https://registry.npmjs.org/yallist/-/yallist-4.0.0.tgz",
      "integrity": "sha512-3wdGidZyq5PB084XLES5TpOSRA3wjXAlIWMhum2kRcv/41Sn2emQ0dycQW4uZXLejwKvg6EsvbdlVL+FYEct7A==",
      "dev": true
    }
  }
}
